
Microsoft Visual Studio Solution File, Format Version 12.00
# Visual Studio Version 16
VisualStudioVersion = 16.0.31702.278
MinimumVisualStudioVersion = 10.0.40219.1
Project("{FAE04EC0-301F-11D3-BF4B-00C04F79EFBC}") = "Formulario", "Formulario.csproj", "{8F9075FD-06D0-4F9F-A53A-A6C8C3330B0B}"
EndProject
Global
	GlobalSection(SolutionConfigurationPlatforms) = preSolution
		Debug|Any CPU = Debug|Any CPU
		Release|Any CPU = Release|Any CPU
	EndGlobalSection
	GlobalSection(ProjectConfigurationPlatforms) = postSolution
		{8F9075FD-06D0-4F9F-A53A-A6C8C3330B0B}.Debug|Any CPU.ActiveCfg = Debug|Any CPU
		{8F9075FD-06D0-4F9F-A53A-A6C8C3330B0B}.Debug|Any CPU.Build.0 = Debug|Any CPU
		{8F9075FD-06D0-4F9F-A53A-A6C8C3330B0B}.Release|Any CPU.ActiveCfg = Release|Any CPU
		{8F9075FD-06D0-4F9F-A53A-A6C8C3330B0B}.Release|Any CPU.Build.0 = Release|Any CPU
	EndGlobalSection
	GlobalSection(SolutionProperties) = preSolution
		HideSolutionNode = FALSE
	EndGlobalSection
	GlobalSection(ExtensibilityGlobals) = postSolution
		SolutionGuid = {11DAF4BF-53EA-4861-923E-38EFF8CBBAD6}
	EndGlobalSection
EndGlobal
